{
  "version": 4,
  "terraform_version": "1.5.7",
  "serial": 7,
  "lineage": "d4ec8f06-0f4c-f834-6623-a1eb0aae0744",
  "outputs": {},
  "resources": [
    {
      "mode": "managed",
      "type": "google_container_cluster",
      "name": "mygke",
      "provider": "provider[\"registry.terraform.io/hashicorp/google\"]",
      "instances": [
        {
          "schema_version": 2,
          "attributes": {
            "addons_config": [
              {
                "cloudrun_config": [],
                "config_connector_config": [],
                "dns_cache_config": [],
                "gce_persistent_disk_csi_driver_config": [
                  {
                    "enabled": true
                  }
                ],
                "gcp_filestore_csi_driver_config": [],
                "gcs_fuse_csi_driver_config": [],
                "gke_backup_agent_config": [],
                "horizontal_pod_autoscaling": [],
                "http_load_balancing": [],
                "network_policy_config": [
                  {
                    "disabled": false
                  }
                ],
                "stateful_ha_config": []
              }
            ],
            "allow_net_admin": null,
            "authenticator_groups_config": [],
            "binary_authorization": [
              {
                "enabled": false,
                "evaluation_mode": ""
              }
            ],
            "cluster_autoscaling": [
              {
                "auto_provisioning_defaults": [],
                "autoscaling_profile": "BALANCED",
                "enabled": false,
                "resource_limits": []
              }
            ],
            "cluster_ipv4_cidr": "10.40.0.0/14",
            "confidential_nodes": [],
            "cost_management_config": [],
            "database_encryption": [
              {
                "key_name": "",
                "state": "DECRYPTED"
              }
            ],
            "datapath_provider": "",
            "default_max_pods_per_node": 110,
            "default_snat_status": [
              {
                "disabled": false
              }
            ],
            "deletion_protection": true,
            "description": "",
            "dns_config": [],
            "enable_autopilot": false,
            "enable_cilium_clusterwide_network_policy": false,
            "enable_intranode_visibility": false,
            "enable_k8s_beta_apis": [],
            "enable_kubernetes_alpha": false,
            "enable_l4_ilb_subsetting": false,
            "enable_legacy_abac": false,
            "enable_shielded_nodes": true,
            "enable_tpu": false,
            "endpoint": "35.226.197.127",
            "fleet": [],
            "gateway_api_config": [],
            "id": "projects/propane-terra-416223/locations/us-central1/clusters/mynewgkeonecluster",
            "identity_service_config": [],
            "initial_node_count": 0,
            "ip_allocation_policy": [
              {
                "additional_pod_ranges_config": [],
                "cluster_ipv4_cidr_block": "10.40.0.0/14",
                "cluster_secondary_range_name": "gke-mynewgkeonecluster-pods-9b0b1139",
                "pod_cidr_overprovision_config": [
                  {
                    "disabled": false
                  }
                ],
                "services_ipv4_cidr_block": "10.19.16.0/20",
                "services_secondary_range_name": "gke-mynewgkeonecluster-services-9b0b1139",
                "stack_type": "IPV4"
              }
            ],
            "label_fingerprint": "a9dc16a7",
            "location": "us-central1",
            "logging_config": [
              {
                "enable_components": [
                  "SYSTEM_COMPONENTS",
                  "WORKLOADS"
                ]
              }
            ],
            "logging_service": "logging.googleapis.com/kubernetes",
            "maintenance_policy": [],
            "master_auth": [
              {
                "client_certificate": "",
                "client_certificate_config": [
                  {
                    "issue_client_certificate": false
                  }
                ],
                "client_key": "",
                "cluster_ca_certificate": "LS0tLS1CRUdJTiBDRVJUSUZJQ0FURS0tLS0tCk1JSUVMVENDQXBXZ0F3SUJBZ0lSQUt0c1c5SG8vTC9zZjRFNElUZndtdVV3RFFZSktvWklodmNOQVFFTEJRQXcKTHpFdE1Dc0dBMVVFQXhNa1lUazNNalkxTWpndFltRmpaQzAwWVRNMExXSXpNemt0TjJVMk56UmxZV013TW1JMwpNQ0FYRFRJME1EVXhOekUwTXpNME5sb1lEekl3TlRRd05URXdNVFV6TXpRMldqQXZNUzB3S3dZRFZRUURFeVJoCk9UY3lOalV5T0MxaVlXTmtMVFJoTXpRdFlqTXpPUzAzWlRZM05HVmhZekF5WWpjd2dnR2lNQTBHQ1NxR1NJYjMKRFFFQkFRVUFBNElCandBd2dnR0tBb0lCZ1FERXBrd1VvRTl4dEJyWHgvNTdmNlhkQW1jcS8yV2NmbUdMdTJlMQpqRXlCTVZnOXRGQWpIaHBYZmVPbkorY0puK0pvcTFEZ2UxUmdQdDlaL3VsYnFHNXo3UDBDVld0YUtSQzBvdVZiCjRLUmxuMVE3ZzBlZVNZZ3ArdkhiVTJsOEZkNHF2UmZneGUvY1pURytJT3kyVXdrVldRcmRmTHpMZThpTm54WWgKckJETDVDdTFzSUV1WXFHTi9jOS9ZakxHSzZLYk51U0RyMlgzVEpGZDlFMC9MRkJiV09xZ2pTb0tsbHdVbGgwKwpiNmlIWUlUeWNiVUo5ZTc5L3VPYStZMlF3SnYvWmY5R0pYOUtIVnJFYU94REJhaGFPcFpCeG0zL2kxb2Zoa3BkCkN5U2xtNHowRjNBZmcyQ0hxckVrOGVVcHZzNjI5ZTZ1SHZDOVlRV05RdG9RQlBQcUMzUEpKazJOK1RaYWFuSE4Kc0FkVUdiZ01KZ1pSSWo2K3dGUHZQNDUwT0RuVVJUa2YxaVVrWFl5c1huWGNjQzd3NzRkbTIxc0x2OG5rUjJ3SAo2aDN1NHl0Sk0rck5JelZnRkg0UktpUDdXaXVqVVN3TE9RNWRNN05ybUt6V3FLR0d2VnJKc3hXaUZpMWlEQmNiCmxsN1VYeDgyN0Fya3BhYmxYRlY5SzJEcEZGVUNBd0VBQWFOQ01FQXdEZ1lEVlIwUEFRSC9CQVFEQWdJRU1BOEcKQTFVZEV3RUIvd1FGTUFNQkFmOHdIUVlEVlIwT0JCWUVGRThucWMvUWJOL081ckFsY09sanphd3RrUWVTTUEwRwpDU3FHU0liM0RRRUJDd1VBQTRJQmdRQ0ttdnY5Z2lPTXlCRzE5VzRRL2RjNEQyN1BTa3ArWDFqM2ZXSVpxT0pWCjFTZFFENFpqQy9PYXRvaXJrZ1N5NCtHbXBuaGUvVDV2MzJXeEtTNzgvWGZJNkxjSVYyVWtaZHNFS3F5d1ltcDkKZ1BmVmlDK3Jsby91Y3l1UEQwd0s4N3M5ZEZUcDZKbzlqWVdLaWJqcjNhK0lmdDA2MUlzaW5IWGRidlJDbzltRwpVeUNudGFnN08rYis3YlpIa3lTam1Sc2EzYWFTcFBrdmpVWEFpbi85dHN1cXBOWDVxaEdXRXhCYURVQk9MczlkCnZpaGJsQXN0K2ltbUM4NkFWN0xxY1lZRFVKamhCT241WFB6MjcvQ2dUeWlCaDJNS2NuVmpSam1yeWZVZXUwcnkKY2dGU1FrMzZ5MUY5alhZY2ZEVk5qeDdEVkllSWZuNnlWZmw2Rm41V3lZUnRZbU5pQVphSVo5TFhxWCtrT3h0bQpzcHprLzY4bFZtd0llQXJ2aGlJMFRTSWw2cy9aOHVqVjdobjZDSnRheXNOcEJSbXZDbGVFYVJvTUFhOVdVd1NJCll3ODg2MGtMVktNcEZCOXNYZW10S1lJbEkySzJLdVRDRzNBTzlvcHhGZnQvZlhxcUdoRnExN1JOLzNYQVRoR1gKSkpJdms1Z0RKTUczclFQYWg0MzZBek09Ci0tLS0tRU5EIENFUlRJRklDQVRFLS0tLS0K"
              }
            ],
            "master_authorized_networks_config": [],
            "master_version": "1.28.7-gke.1026000",
            "mesh_certificates": [],
            "min_master_version": null,
            "monitoring_config": [
              {
                "advanced_datapath_observability_config": [
                  {
                    "enable_metrics": false,
                    "enable_relay": false,
                    "relay_mode": "DISABLED"
                  }
                ],
                "enable_components": [
                  "SYSTEM_COMPONENTS"
                ],
                "managed_prometheus": [
                  {
                    "enabled": true
                  }
                ]
              }
            ],
            "monitoring_service": "monitoring.googleapis.com/kubernetes",
            "name": "mynewgkeonecluster",
            "network": "projects/propane-terra-416223/global/networks/default",
            "network_policy": [
              {
                "enabled": true,
                "provider": ""
              }
            ],
            "networking_mode": "VPC_NATIVE",
            "node_config": [
              {
                "advanced_machine_features": [],
                "boot_disk_kms_key": "",
                "confidential_nodes": [],
                "disk_size_gb": 20,
                "disk_type": "pd-balanced",
                "effective_taints": [],
                "enable_confidential_storage": false,
                "ephemeral_storage_local_ssd_config": [],
                "fast_socket": [],
                "gcfs_config": [],
                "guest_accelerator": [],
                "gvnic": [],
                "host_maintenance_policy": [],
                "image_type": "COS_CONTAINERD",
                "kubelet_config": [],
                "labels": {},
                "linux_node_config": [],
                "local_nvme_ssd_block_config": [],
                "local_ssd_count": 0,
                "logging_variant": "DEFAULT",
                "machine_type": "e2-medium",
                "metadata": {
                  "disable-legacy-endpoints": "true"
                },
                "min_cpu_platform": "",
                "node_group": "",
                "oauth_scopes": [
                  "https://www.googleapis.com/auth/devstorage.read_only",
                  "https://www.googleapis.com/auth/logging.write",
                  "https://www.googleapis.com/auth/monitoring",
                  "https://www.googleapis.com/auth/service.management.readonly",
                  "https://www.googleapis.com/auth/servicecontrol",
                  "https://www.googleapis.com/auth/trace.append"
                ],
                "preemptible": false,
                "reservation_affinity": [],
                "resource_labels": {},
                "resource_manager_tags": {},
                "secondary_boot_disks": [],
                "service_account": "default",
                "shielded_instance_config": [
                  {
                    "enable_integrity_monitoring": true,
                    "enable_secure_boot": false
                  }
                ],
                "sole_tenant_config": [],
                "spot": false,
                "tags": [],
                "taint": [],
                "workload_metadata_config": []
              }
            ],
            "node_locations": [
              "us-central1-a",
              "us-central1-b",
              "us-central1-f"
            ],
            "node_pool": [
              {
                "autoscaling": [],
                "initial_node_count": 1,
                "instance_group_urls": [
                  "https://www.googleapis.com/compute/v1/projects/propane-terra-416223/zones/us-central1-b/instanceGroupManagers/gke-mynewgkeonecluster-default-pool-4aaa8ffd-grp",
                  "https://www.googleapis.com/compute/v1/projects/propane-terra-416223/zones/us-central1-f/instanceGroupManagers/gke-mynewgkeonecluster-default-pool-d8459732-grp",
                  "https://www.googleapis.com/compute/v1/projects/propane-terra-416223/zones/us-central1-a/instanceGroupManagers/gke-mynewgkeonecluster-default-pool-1fb1cee8-grp"
                ],
                "managed_instance_group_urls": [
                  "https://www.googleapis.com/compute/v1/projects/propane-terra-416223/zones/us-central1-b/instanceGroups/gke-mynewgkeonecluster-default-pool-4aaa8ffd-grp",
                  "https://www.googleapis.com/compute/v1/projects/propane-terra-416223/zones/us-central1-f/instanceGroups/gke-mynewgkeonecluster-default-pool-d8459732-grp",
                  "https://www.googleapis.com/compute/v1/projects/propane-terra-416223/zones/us-central1-a/instanceGroups/gke-mynewgkeonecluster-default-pool-1fb1cee8-grp"
                ],
                "management": [
                  {
                    "auto_repair": true,
                    "auto_upgrade": true
                  }
                ],
                "max_pods_per_node": 110,
                "name": "default-pool",
                "name_prefix": "",
                "network_config": [
                  {
                    "create_pod_range": false,
                    "enable_private_nodes": false,
                    "network_performance_config": [],
                    "pod_cidr_overprovision_config": [],
                    "pod_ipv4_cidr_block": "10.40.0.0/14",
                    "pod_range": "gke-mynewgkeonecluster-pods-9b0b1139"
                  }
                ],
                "node_config": [
                  {
                    "advanced_machine_features": [],
                    "boot_disk_kms_key": "",
                    "confidential_nodes": [],
                    "disk_size_gb": 20,
                    "disk_type": "pd-balanced",
                    "effective_taints": [],
                    "enable_confidential_storage": false,
                    "ephemeral_storage_local_ssd_config": [],
                    "fast_socket": [],
                    "gcfs_config": [],
                    "guest_accelerator": [],
                    "gvnic": [],
                    "host_maintenance_policy": [],
                    "image_type": "COS_CONTAINERD",
                    "kubelet_config": [],
                    "labels": {},
                    "linux_node_config": [],
                    "local_nvme_ssd_block_config": [],
                    "local_ssd_count": 0,
                    "logging_variant": "DEFAULT",
                    "machine_type": "e2-medium",
                    "metadata": {
                      "disable-legacy-endpoints": "true"
                    },
                    "min_cpu_platform": "",
                    "node_group": "",
                    "oauth_scopes": [
                      "https://www.googleapis.com/auth/devstorage.read_only",
                      "https://www.googleapis.com/auth/logging.write",
                      "https://www.googleapis.com/auth/monitoring",
                      "https://www.googleapis.com/auth/service.management.readonly",
                      "https://www.googleapis.com/auth/servicecontrol",
                      "https://www.googleapis.com/auth/trace.append"
                    ],
                    "preemptible": false,
                    "reservation_affinity": [],
                    "resource_labels": null,
                    "resource_manager_tags": null,
                    "secondary_boot_disks": [],
                    "service_account": "default",
                    "shielded_instance_config": [
                      {
                        "enable_integrity_monitoring": true,
                        "enable_secure_boot": false
                      }
                    ],
                    "sole_tenant_config": [],
                    "spot": false,
                    "tags": null,
                    "taint": [],
                    "workload_metadata_config": []
                  }
                ],
                "node_count": 1,
                "node_locations": [
                  "us-central1-a",
                  "us-central1-b",
                  "us-central1-f"
                ],
                "placement_policy": [],
                "queued_provisioning": [],
                "upgrade_settings": [
                  {
                    "blue_green_settings": [],
                    "max_surge": 1,
                    "max_unavailable": 0,
                    "strategy": "SURGE"
                  }
                ],
                "version": "1.28.7-gke.1026000"
              }
            ],
            "node_pool_auto_config": [],
            "node_pool_defaults": [
              {
                "node_config_defaults": [
                  {
                    "logging_variant": "DEFAULT"
                  }
                ]
              }
            ],
            "node_version": "1.28.7-gke.1026000",
            "notification_config": [
              {
                "pubsub": [
                  {
                    "enabled": false,
                    "filter": [],
                    "topic": ""
                  }
                ]
              }
            ],
            "operation": null,
            "private_cluster_config": [
              {
                "enable_private_endpoint": false,
                "enable_private_nodes": false,
                "master_global_access_config": [
                  {
                    "enabled": false
                  }
                ],
                "master_ipv4_cidr_block": "",
                "peering_name": "",
                "private_endpoint": "10.128.0.57",
                "private_endpoint_subnetwork": "",
                "public_endpoint": "35.226.197.127"
              }
            ],
            "private_ipv6_google_access": "",
            "project": "propane-terra-416223",
            "release_channel": [
              {
                "channel": "REGULAR"
              }
            ],
            "remove_default_node_pool": null,
            "resource_labels": null,
            "resource_usage_export_config": [],
            "security_posture_config": [
              {
                "mode": "BASIC",
                "vulnerability_mode": "VULNERABILITY_MODE_UNSPECIFIED"
              }
            ],
            "self_link": "https://container.googleapis.com/v1/projects/propane-terra-416223/locations/us-central1/clusters/mynewgkeonecluster",
            "service_external_ips_config": [
              {
                "enabled": false
              }
            ],
            "services_ipv4_cidr": "10.19.16.0/20",
            "subnetwork": "projects/propane-terra-416223/regions/us-central1/subnetworks/default",
            "timeouts": null,
            "tpu_ipv4_cidr_block": "",
            "vertical_pod_autoscaling": [],
            "workload_identity_config": []
          },
          "sensitive_attributes": [],
          "private": "eyJlMmJmYjczMC1lY2FhLTExZTYtOGY4OC0zNDM2M2JjN2M0YzAiOnsiY3JlYXRlIjoyNDAwMDAwMDAwMDAwLCJkZWxldGUiOjI0MDAwMDAwMDAwMDAsInJlYWQiOjI0MDAwMDAwMDAwMDAsInVwZGF0ZSI6MzYwMDAwMDAwMDAwMH0sInNjaGVtYV92ZXJzaW9uIjoiMiJ9"
        }
      ]
    }
  ],
  "check_results": null
}
