{
  "version": 4,
  "terraform_version": "1.5.7",
  "serial": 37,
  "lineage": "6aa71029-3957-e183-4adb-52d07c2db804",
  "outputs": {},
  "resources": [
    {
      "mode": "managed",
      "type": "google_service_account",
      "name": "mysa",
      "provider": "provider[\"registry.terraform.io/hashicorp/google\"]",
      "instances": [
        {
          "schema_version": 0,
          "attributes": {
            "account_id": "my-service-account",
            "create_ignore_already_exists": null,
            "description": "",
            "disabled": false,
            "display_name": "mynewsa",
            "email": "my-service-account@propane-terra-416223.iam.gserviceaccount.com",
            "id": "projects/propane-terra-416223/serviceAccounts/my-service-account@propane-terra-416223.iam.gserviceaccount.com",
            "member": "serviceAccount:my-service-account@propane-terra-416223.iam.gserviceaccount.com",
            "name": "projects/propane-terra-416223/serviceAccounts/my-service-account@propane-terra-416223.iam.gserviceaccount.com",
            "project": "propane-terra-416223",
            "timeouts": null,
            "unique_id": "107653825148198202305"
          },
          "sensitive_attributes": [],
          "private": "eyJlMmJmYjczMC1lY2FhLTExZTYtOGY4OC0zNDM2M2JjN2M0YzAiOnsiY3JlYXRlIjozMDAwMDAwMDAwMDB9fQ=="
        }
      ]
    }
  ],
  "check_results": null
}
